// !$*UTF8*$!
{
	archiveVersion = 1;
	classes = {
	};
	objectVersion = 48;
	objects = {

/* Begin PBXBuildFile section */
		77DC67902057E71C00B252E7 /* AppDelegate.swift in Sources */ = {isa = PBXBuildFile; fileRef = 77DC678F2057E71C00B252E7 /* AppDelegate.swift */; };
		77DC67922057E71C00B252E7 /* ViewController.swift in Sources */ = {isa = PBXBuildFile; fileRef = 77DC67912057E71C00B252E7 /* ViewController.swift */; };
		77DC67952057E71C00B252E7 /* Main.storyboard in Resources */ = {isa = PBXBuildFile; fileRef = 77DC67932057E71C00B252E7 /* Main.storyboard */; };
		77DC67972057E71C00B252E7 /* Assets.xcassets in Resources */ = {isa = PBXBuildFile; fileRef = 77DC67962057E71C00B252E7 /* Assets.xcassets */; };
		77DC679A2057E71C00B252E7 /* LaunchScreen.storyboard in Resources */ = {isa = PBXBuildFile; fileRef = 77DC67982057E71C00B252E7 /* LaunchScreen.storyboard */; };
		77DC67A52057E71C00B252E7 /* ImageReaderTests.swift in Sources */ = {isa = PBXBuildFile; fileRef = 77DC67A42057E71C00B252E7 /* ImageReaderTests.swift */; };
		77DC67B02057E71C00B252E7 /* ImageReaderUITests.swift in Sources */ = {isa = PBXBuildFile; fileRef = 77DC67AF2057E71C00B252E7 /* ImageReaderUITests.swift */; };
		77DC67BE2057EC4C00B252E7 /* ImageListViewController.swift in Sources */ = {isa = PBXBuildFile; fileRef = 77DC67BD2057EC4C00B252E7 /* ImageListViewController.swift */; };
/* End PBXBuildFile section */

/* Begin PBXContainerItemProxy section */
		77DC67A12057E71C00B252E7 /* PBXContainerItemProxy */ = {
			isa = PBXContainerItemProxy;
			containerPortal = 77DC67842057E71C00B252E7 /* Project object */;
			proxyType = 1;
			remoteGlobalIDString = 77DC678B2057E71C00B252E7;
			remoteInfo = ImageReader;
		};
		77DC67AC2057E71C00B252E7 /* PBXContainerItemProxy */ = {
			isa = PBXContainerItemProxy;
			containerPortal = 77DC67842057E71C00B252E7 /* Project object */;
			proxyType = 1;
			remoteGlobalIDString = 77DC678B2057E71C00B252E7;
			remoteInfo = ImageReader;
		};
/* End PBXContainerItemProxy section */

/* Begin PBXFileReference section */
		77DC678C2057E71C00B252E7 /* ImageReader.app */ = {isa = PBXFileReference; explicitFileType = wrapper.application; includeInIndex = 0; path = ImageReader.app; sourceTree = BUILT_PRODUCTS_DIR; };
		77DC678F2057E71C00B252E7 /* AppDelegate.swift */ = {isa = PBXFileReference; lastKnownFileType = sourcecode.swift; path = AppDelegate.swift; sourceTree = "<group>"; };
		77DC67912057E71C00B252E7 /* ViewController.swift */ = {isa = PBXFileReference; lastKnownFileType = sourcecode.swift; path = ViewController.swift; sourceTree = "<group>"; };
		77DC67942057E71C00B252E7 /* Base */ = {isa = PBXFileReference; lastKnownFileType = file.storyboard; name = Base; path = Base.lproj/Main.storyboard; sourceTree = "<group>"; };
		77DC67962057E71C00B252E7 /* Assets.xcassets */ = {isa = PBXFileReference; lastKnownFileType = folder.assetcatalog; path = Assets.xcassets; sourceTree = "<group>"; };
		77DC67992057E71C00B252E7 /* Base */ = {isa = PBXFileReference; lastKnownFileType = file.storyboard; name = Base; path = Base.lproj/LaunchScreen.storyboard; sourceTree = "<group>"; };
		77DC679B2057E71C00B252E7 /* Info.plist */ = {isa = PBXFileReference; lastKnownFileType = text.plist.xml; path = Info.plist; sourceTree = "<group>"; };
		77DC67A02057E71C00B252E7 /* ImageReaderTests.xctest */ = {isa = PBXFileReference; explicitFileType = wrapper.cfbundle; includeInIndex = 0; path = ImageReaderTests.xctest; sourceTree = BUILT_PRODUCTS_DIR; };
		77DC67A42057E71C00B252E7 /* ImageReaderTests.swift */ = {isa = PBXFileReference; lastKnownFileType = sourcecode.swift; path = ImageReaderTests.swift; sourceTree = "<group>"; };
		77DC67A62057E71C00B252E7 /* Info.plist */ = {isa = PBXFileReference; lastKnownFileType = text.plist.xml; path = Info.plist; sourceTree = "<group>"; };
		77DC67AB2057E71C00B252E7 /* ImageReaderUITests.xctest */ = {isa = PBXFileReference; explicitFileType = wrapper.cfbundle; includeInIndex = 0; path = ImageReaderUITests.xctest; sourceTree = BUILT_PRODUCTS_DIR; };
		77DC67AF2057E71C00B252E7 /* ImageReaderUITests.swift */ = {isa = PBXFileReference; lastKnownFileType = sourcecode.swift; path = ImageReaderUITests.swift; sourceTree = "<group>"; };
		77DC67B12057E71C00B252E7 /* Info.plist */ = {isa = PBXFileReference; lastKnownFileType = text.plist.xml; path = Info.plist; sourceTree = "<group>"; };
		77DC67BD2057EC4C00B252E7 /* ImageListViewController.swift */ = {isa = PBXFileReference; lastKnownFileType = sourcecode.swift; path = ImageListViewController.swift; sourceTree = "<group>"; };
/* End PBXFileReference section */

/* Begin PBXFrameworksBuildPhase section */
		77DC67892057E71C00B252E7 /* Frameworks */ = {
			isa = PBXFrameworksBuildPhase;
			buildActionMask = 2147483647;
			files = (
			);
			runOnlyForDeploymentPostprocessing = 0;
		};
		77DC679D2057E71C00B252E7 /* Frameworks */ = {
			isa = PBXFrameworksBuildPhase;
			buildActionMask = 2147483647;
			files = (
			);
			runOnlyForDeploymentPostprocessing = 0;
		};
		77DC67A82057E71C00B252E7 /* Frameworks */ = {
			isa = PBXFrameworksBuildPhase;
			buildActionMask = 2147483647;
			files = (
			);
			runOnlyForDeploymentPostprocessing = 0;
		};
/* End PBXFrameworksBuildPhase section */

/* Begin PBXGroup section */
		77DC67832057E71C00B252E7 = {
			isa = PBXGroup;
			children = (
				77DC678E2057E71C00B252E7 /* ImageReader */,
				77DC67A32057E71C00B252E7 /* ImageReaderTests */,
				77DC67AE2057E71C00B252E7 /* ImageReaderUITests */,
				77DC678D2057E71C00B252E7 /* Products */,
			);
			sourceTree = "<group>";
		};
		77DC678D2057E71C00B252E7 /* Products */ = {
			isa = PBXGroup;
			children = (
				77DC678C2057E71C00B252E7 /* ImageReader.app */,
				77DC67A02057E71C00B252E7 /* ImageReaderTests.xctest */,
				77DC67AB2057E71C00B252E7 /* ImageReaderUITests.xctest */,
			);
			name = Products;
			sourceTree = "<group>";
		};
		77DC678E2057E71C00B252E7 /* ImageReader */ = {
			isa = PBXGroup;
			children = (
				77DC678F2057E71C00B252E7 /* AppDelegate.swift */,
				77DC67912057E71C00B252E7 /* ViewController.swift */,
				77DC67BD2057EC4C00B252E7 /* ImageListViewController.swift */,
				77DC67932057E71C00B252E7 /* Main.storyboard */,
				77DC67962057E71C00B252E7 /* Assets.xcassets */,
				77DC67982057E71C00B252E7 /* LaunchScreen.storyboard */,
				77DC679B2057E71C00B252E7 /* Info.plist */,
			);
			path = ImageReader;
			sourceTree = "<group>";
		};
		77DC67A32057E71C00B252E7 /* ImageReaderTests */ = {
			isa = PBXGroup;
			children = (
				77DC67A42057E71C00B252E7 /* ImageReaderTests.swift */,
				77DC67A62057E71C00B252E7 /* Info.plist */,
			);
			path = ImageReaderTests;
			sourceTree = "<group>";
		};
		77DC67AE2057E71C00B252E7 /* ImageReaderUITests */ = {
			isa = PBXGroup;
			children = (
				77DC67AF2057E71C00B252E7 /* ImageReaderUITests.swift */,
				77DC67B12057E71C00B252E7 /* Info.plist */,
			);
			path = ImageReaderUITests;
			sourceTree = "<group>";
		};
/* End PBXGroup section */

/* Begin PBXNativeTarget section */
		77DC678B2057E71C00B252E7 /* ImageReader */ = {
			isa = PBXNativeTarget;
			buildConfigurationList = 77DC67B42057E71C00B252E7 /* Build configuration list for PBXNativeTarget "ImageReader" */;
			buildPhases = (
				77DC67882057E71C00B252E7 /* Sources */,
				77DC67892057E71C00B252E7 /* Frameworks */,
				77DC678A2057E71C00B252E7 /* Resources */,
			);
			buildRules = (
			);
			dependencies = (
			);
			name = ImageReader;
			productName = ImageReader;
			productReference = 77DC678C2057E71C00B252E7 /* ImageReader.app */;
			productType = "com.apple.product-type.application";
		};
		77DC679F2057E71C00B252E7 /* ImageReaderTests */ = {
			isa = PBXNativeTarget;
			buildConfigurationList = 77DC67B72057E71C00B252E7 /* Build configuration list for PBXNativeTarget "ImageReaderTests" */;
			buildPhases = (
				77DC679C2057E71C00B252E7 /* Sources */,
				77DC679D2057E71C00B252E7 /* Frameworks */,
				77DC679E2057E71C00B252E7 /* Resources */,
			);
			buildRules = (
			);
			dependencies = (
				77DC67A22057E71C00B252E7 /* PBXTargetDependency */,
			);
			name = ImageReaderTests;
			productName = ImageReaderTests;
			productReference = 77DC67A02057E71C00B252E7 /* ImageReaderTests.xctest */;
			productType = "com.apple.product-type.bundle.unit-test";
		};
		77DC67AA2057E71C00B252E7 /* ImageReaderUITests */ = {
			isa = PBXNativeTarget;
			buildConfigurationList = 77DC67BA2057E71C00B252E7 /* Build configuration list for PBXNativeTarget "ImageReaderUITests" */;
			buildPhases = (
				77DC67A72057E71C00B252E7 /* Sources */,
				77DC67A82057E71C00B252E7 /* Frameworks */,
				77DC67A92057E71C00B252E7 /* Resources */,
			);
			buildRules = (
			);
			dependencies = (
				77DC67AD2057E71C00B252E7 /* PBXTargetDependency */,
			);
			name = ImageReaderUITests;
			productName = ImageReaderUITests;
			productReference = 77DC67AB2057E71C00B252E7 /* ImageReaderUITests.xctest */;
			productType = "com.apple.product-type.bundle.ui-testing";
		};
/* End PBXNativeTarget section */

/* Begin PBXProject section */
		77DC67842057E71C00B252E7 /* Project object */ = {
			isa = PBXProject;
			attributes = {
				LastSwiftUpdateCheck = 0920;
				LastUpgradeCheck = 0920;
				ORGANIZATIONNAME = lionKing;
				TargetAttributes = {
					77DC678B2057E71C00B252E7 = {
						CreatedOnToolsVersion = 9.2;
						ProvisioningStyle = Automatic;
					};
					77DC679F2057E71C00B252E7 = {
						CreatedOnToolsVersion = 9.2;
						ProvisioningStyle = Automatic;
						TestTargetID = 77DC678B2057E71C00B252E7;
					};
					77DC67AA2057E71C00B252E7 = {
						CreatedOnToolsVersion = 9.2;
						ProvisioningStyle = Automatic;
						TestTargetID = 77DC678B2057E71C00B252E7;
					};
				};
			};
			buildConfigurationList = 77DC67872057E71C00B252E7 /* Build configuration list for PBXProject "ImageReader" */;
			compatibilityVersion = "Xcode 8.0";
			developmentRegion = en;
			hasScannedForEncodings = 0;
			knownRegions = (
				en,
				Base,
			);
			mainGroup = 77DC67832057E71C00B252E7;
			productRefGroup = 77DC678D2057E71C00B252E7 /* Products */;
			projectDirPath = "";
			projectRoot = "";
			targets = (
				77DC678B2057E71C00B252E7 /* ImageReader */,
				77DC679F2057E71C00B252E7 /* ImageReaderTests */,
				77DC67AA2057E71C00B252E7 /* ImageReaderUITests */,
			);
		};
/* End PBXProject section */

/* Begin PBXResourcesBuildPhase section */
		77DC678A2057E71C00B252E7 /* Resources */ = {
			isa = PBXResourcesBuildPhase;
			buildActionMask = 2147483647;
			files = (
				77DC679A2057E71C00B252E7 /* LaunchScreen.storyboard in Resources */,
				77DC67972057E71C00B252E7 /* Assets.xcassets in Resources */,
				77DC67952057E71C00B252E7 /* Main.storyboard in Resources */,
			);
			runOnlyForDeploymentPostprocessing = 0;
		};
		77DC679E2057E71C00B252E7 /* Resources */ = {
			isa = PBXResourcesBuildPhase;
			buildActionMask = 2147483647;
			files = (
			);
			runOnlyForDeploymentPostprocessing = 0;
		};
		77DC67A92057E71C00B252E7 /* Resources */ = {
			isa = PBXResourcesBuildPhase;
			buildActionMask = 2147483647;
			files = (
			);
			runOnlyForDeploymentPostprocessing = 0;
		};
/* End PBXResourcesBuildPhase section */

/* Begin PBXSourcesBuildPhase section */
		77DC67882057E71C00B252E7 /* Sources */ = {
			isa = PBXSourcesBuildPhase;
			buildActionMask = 2147483647;
			files = (
				77DC67BE2057EC4C00B252E7 /* ImageListViewController.swift in Sources */,
				77DC67922057E71C00B252E7 /* ViewController.swift in Sources */,
				77DC67902057E71C00B252E7 /* AppDelegate.swift in Sources */,
			);
			runOnlyForDeploymentPostprocessing = 0;
		};
		77DC679C2057E71C00B252E7 /* Sources */ = {
			isa = PBXSourcesBuildPhase;
			buildActionMask = 2147483647;
			files = (
				77DC67A52057E71C00B252E7 /* ImageReaderTests.swift in Sources */,
			);
			runOnlyForDeploymentPostprocessing = 0;
		};
		77DC67A72057E71C00B252E7 /* Sources */ = {
			isa = PBXSourcesBuildPhase;
			buildActionMask = 2147483647;
			files = (
				77DC67B02057E71C00B252E7 /* ImageReaderUITests.swift in Sources */,
			);
			runOnlyForDeploymentPostprocessing = 0;
		};
/* End PBXSourcesBuildPhase section */

/* Begin PBXTargetDependency section */
		77DC67A22057E71C00B252E7 /* PBXTargetDependency */ = {
			isa = PBXTargetDependency;
			target = 77DC678B2057E71C00B252E7 /* ImageReader */;
			targetProxy = 77DC67A12057E71C00B252E7 /* PBXContainerItemProxy */;
		};
		77DC67AD2057E71C00B252E7 /* PBXTargetDependency */ = {
			isa = PBXTargetDependency;
			target = 77DC678B2057E71C00B252E7 /* ImageReader */;
			targetProxy = 77DC67AC2057E71C00B252E7 /* PBXContainerItemProxy */;
		};
/* End PBXTargetDependency section */

/* Begin PBXVariantGroup section */
		77DC67932057E71C00B252E7 /* Main.storyboard */ = {
			isa = PBXVariantGroup;
			children = (
				77DC67942057E71C00B252E7 /* Base */,
			);
			name = Main.storyboard;
			sourceTree = "<group>";
		};
		77DC67982057E71C00B252E7 /* LaunchScreen.storyboard */ = {
			isa = PBXVariantGroup;
			children = (
				77DC67992057E71C00B252E7 /* Base */,
			);
			name = LaunchScreen.storyboard;
			sourceTree = "<group>";
		};
/* End PBXVariantGroup section */

/* Begin XCBuildConfiguration section */
		77DC67B22057E71C00B252E7 /* Debug */ = {
			isa = XCBuildConfiguration;
			buildSettings = {
				ALWAYS_SEARCH_USER_PATHS = NO;
				CLANG_ANALYZER_NONNULL = YES;
				CLANG_ANALYZER_NUMBER_OBJECT_CONVERSION = YES_AGGRESSIVE;
				CLANG_CXX_LANGUAGE_STANDARD = "gnu++14";
				CLANG_CXX_LIBRARY = "libc++";
				CLANG_ENABLE_MODULES = YES;
				CLANG_ENABLE_OBJC_ARC = YES;
				CLANG_WARN_BLOCK_CAPTURE_AUTORELEASING = YES;
				CLANG_WARN_BOOL_CONVERSION = YES;
				CLANG_WARN_COMMA = YES;
				CLANG_WARN_CONSTANT_CONVERSION = YES;
				CLANG_WARN_DIRECT_OBJC_ISA_USAGE = YES_ERROR;
				CLANG_WARN_DOCUMENTATION_COMMENTS = YES;
				CLANG_WARN_EMPTY_BODY = YES;
				CLANG_WARN_ENUM_CONVERSION = YES;
				CLANG_WARN_INFINITE_RECURSION = YES;
				CLANG_WARN_INT_CONVERSION = YES;
				CLANG_WARN_NON_LITERAL_NULL_CONVERSION = YES;
				CLANG_WARN_OBJC_LITERAL_CONVERSION = YES;
				CLANG_WARN_OBJC_ROOT_CLASS = YES_ERROR;
				CLANG_WARN_RANGE_LOOP_ANALYSIS = YES;
				CLANG_WARN_STRICT_PROTOTYPES = YES;
				CLANG_WARN_SUSPICIOUS_MOVE = YES;
				CLANG_WARN_UNGUARDED_AVAILABILITY = YES_AGGRESSIVE;
				CLANG_WARN_UNREACHABLE_CODE = YES;
				CLANG_WARN__DUPLICATE_METHOD_MATCH = YES;
				CODE_SIGN_IDENTITY = "iPhone Developer";
				COPY_PHASE_STRIP = NO;
				DEBUG_INFORMATION_FORMAT = dwarf;
				ENABLE_STRICT_OBJC_MSGSEND = YES;
				ENABLE_TESTABILITY = YES;
				GCC_C_LANGUAGE_STANDARD = gnu11;
				GCC_DYNAMIC_NO_PIC = NO;
				GCC_NO_COMMON_BLOCKS = YES;
				GCC_OPTIMIZATION_LEVEL = 0;
				GCC_PREPROCESSOR_DEFINITIONS = (
					"DEBUG=1",
					"$(inherited)",
				);
				GCC_WARN_64_TO_32_BIT_CONVERSION = YES;
				GCC_WARN_ABOUT_RETURN_TYPE = YES_ERROR;
				GCC_WARN_UNDECLARED_SELECTOR = YES;
				GCC_WARN_UNINITIALIZED_AUTOS = YES_AGGRESSIVE;
				GCC_WARN_UNUSED_FUNCTION = YES;
				GCC_WARN_UNUSED_VARIABLE = YES;
				IPHONEOS_DEPLOYMENT_TARGET = 11.2;
				MTL_ENABLE_DEBUG_INFO = YES;
				ONLY_ACTIVE_ARCH = YES;
				SDKROOT = iphoneos;
				SWIFT_ACTIVE_COMPILATION_CONDITIONS = DEBUG;
				SWIFT_OPTIMIZATION_LEVEL = "-Onone";
			};
			name = Debug;
		};
		77DC67B32057E71C00B252E7 /* Release */ = {
			isa = XCBuildConfiguration;
			buildSettings = {
				ALWAYS_SEARCH_USER_PATHS = NO;
				CLANG_ANALYZER_NONNULL = YES;
				CLANG_ANALYZER_NUMBER_OBJECT_CONVERSION = YES_AGGRESSIVE;
				CLANG_CXX_LANGUAGE_STANDARD = "gnu++14";
				CLANG_CXX_LIBRARY = "libc++";
				CLANG_ENABLE_MODULES = YES;
				CLANG_ENABLE_OBJC_ARC = YES;
				CLANG_WARN_BLOCK_CAPTURE_AUTORELEASING = YES;
				CLANG_WARN_BOOL_CONVERSION = YES;
				CLANG_WARN_COMMA = YES;
				CLANG_WARN_CONSTANT_CONVERSION = YES;
				CLANG_WARN_DIRECT_OBJC_ISA_USAGE = YES_ERROR;
				CLANG_WARN_DOCUMENTATION_COMMENTS = YES;
				CLANG_WARN_EMPTY_BODY = YES;
				CLANG_WARN_ENUM_CONVERSION = YES;
				CLANG_WARN_INFINITE_RECURSION = YES;
				CLANG_WARN_INT_CONVERSION = YES;
				CLANG_WARN_NON_LITERAL_NULL_CONVERSION = YES;
				CLANG_WARN_OBJC_LITERAL_CONVERSION = YES;
				CLANG_WARN_OBJC_ROOT_CLASS = YES_ERROR;
				CLANG_WARN_RANGE_LOOP_ANALYSIS = YES;
				CLANG_WARN_STRICT_PROTOTYPES = YES;
				CLANG_WARN_SUSPICIOUS_MOVE = YES;
				CLANG_WARN_UNGUARDED_AVAILABILITY = YES_AGGRESSIVE;
				CLANG_WARN_UNREACHABLE_CODE = YES;
				CLANG_WARN__DUPLICATE_METHOD_MATCH = YES;
				CODE_SIGN_IDENTITY = "iPhone Developer";
				COPY_PHASE_STRIP = NO;
				DEBUG_INFORMATION_FORMAT = "dwarf-with-dsym";
				ENABLE_NS_ASSERTIONS = NO;
				ENABLE_STRICT_OBJC_MSGSEND = YES;
				GCC_C_LANGUAGE_STANDARD = gnu11;
				GCC_NO_COMMON_BLOCKS = YES;
				GCC_WARN_64_TO_32_BIT_CONVERSION = YES;
				GCC_WARN_ABOUT_RETURN_TYPE = YES_ERROR;
				GCC_WARN_UNDECLARED_SELECTOR = YES;
				GCC_WARN_UNINITIALIZED_AUTOS = YES_AGGRESSIVE;
				GCC_WARN_UNUSED_FUNCTION = YES;
				GCC_WARN_UNUSED_VARIABLE = YES;
				IPHONEOS_DEPLOYMENT_TARGET = 11.2;
				MTL_ENABLE_DEBUG_INFO = NO;
				SDKROOT = iphoneos;
				SWIFT_OPTIMIZATION_LEVEL = "-Owholemodule";
				VALIDATE_PRODUCT = YES;
			};
			name = Release;
		};
		77DC67B52057E71C00B252E7 /* Debug */ = {
			isa = XCBuildConfiguration;
			buildSettings = {
				ASSETCATALOG_COMPILER_APPICON_NAME = AppIcon;
				CODE_SIGN_STYLE = Automatic;
				DEVELOPMENT_TEAM = FF26537QPK;
				INFOPLIST_FILE = ImageReader/Info.plist;
				LD_RUNPATH_SEARCH_PATHS = "$(inherited) @executable_path/Frameworks";
				PRODUCT_BUNDLE_IDENTIFIER = com.lionking.ImageReader;
				PRODUCT_NAME = "$(TARGET_NAME)";
				SWIFT_VERSION = 4.0;
				TARGETED_DEVICE_FAMILY = "1,2";
			};
			name = Debug;
		};
		77DC67B62057E71C00B252E7 /* Release */ = {
			isa = XCBuildConfiguration;
			buildSettings = {
				ASSETCATALOG_COMPILER_APPICON_NAME = AppIcon;
				CODE_SIGN_STYLE = Automatic;
				DEVELOPMENT_TEAM = FF26537QPK;
				INFOPLIST_FILE = ImageReader/Info.plist;
				LD_RUNPATH_SEARCH_PATHS = "$(inherited) @executable_path/Frameworks";
				PRODUCT_BUNDLE_IDENTIFIER = com.lionking.ImageReader;
				PRODUCT_NAME = "$(TARGET_NAME)";
				SWIFT_VERSION = 4.0;
				TARGETED_DEVICE_FAMILY = "1,2";
			};
			name = Release;
		};
		77DC67B82057E71C00B252E7 /* Debug */ = {
			isa = XCBuildConfiguration;
			buildSettings = {
				ALWAYS_EMBED_SWIFT_STANDARD_LIBRARIES = YES;
				BUNDLE_LOADER = "$(TEST_HOST)";
				CODE_SIGN_STYLE = Automatic;
				INFOPLIST_FILE = ImageReaderTests/Info.plist;
				LD_RUNPATH_SEARCH_PATHS = "$(inherited) @executable_path/Frameworks @loader_path/Frameworks";
				PRODUCT_BUNDLE_IDENTIFIER = com.lionking.ImageReaderTests;
				PRODUCT_NAME = "$(TARGET_NAME)";
				SWIFT_VERSION = 4.0;
				TARGETED_DEVICE_FAMILY = "1,2";
				TEST_HOST = "$(BUILT_PRODUCTS_DIR)/ImageReader.app/ImageReader";
			};
			name = Debug;
		};
		77DC67B92057E71C00B252E7 /* Release */ = {
			isa = XCBuildConfiguration;
			buildSettings = {
				ALWAYS_EMBED_SWIFT_STANDARD_LIBRARIES = YES;
				BUNDLE_LOADER = "$(TEST_HOST)";
				CODE_SIGN_STYLE = Automatic;
				INFOPLIST_FILE = ImageReaderTests/Info.plist;
				LD_RUNPATH_SEARCH_PATHS = "$(inherited) @executable_path/Frameworks @loader_path/Frameworks";
				PRODUCT_BUNDLE_IDENTIFIER = com.lionking.ImageReaderTests;
				PRODUCT_NAME = "$(TARGET_NAME)";
				SWIFT_VERSION = 4.0;
				TARGETED_DEVICE_FAMILY = "1,2";
				TEST_HOST = "$(BUILT_PRODUCTS_DIR)/ImageReader.app/ImageReader";
			};
			name = Release;
		};
		77DC67BB2057E71C00B252E7 /* Debug */ = {
			isa = XCBuildConfiguration;
			buildSettings = {
				ALWAYS_EMBED_SWIFT_STANDARD_LIBRARIES = YES;
				CODE_SIGN_STYLE = Automatic;
				INFOPLIST_FILE = ImageReaderUITests/Info.plist;
				LD_RUNPATH_SEARCH_PATHS = "$(inherited) @executable_path/Frameworks @loader_path/Frameworks";
				PRODUCT_BUNDLE_IDENTIFIER = com.lionking.ImageReaderUITests;
				PRODUCT_NAME = "$(TARGET_NAME)";
				SWIFT_VERSION = 4.0;
				TARGETED_DEVICE_FAMILY = "1,2";
				TEST_TARGET_NAME = ImageReader;
			};
			name = Debug;
		};
		77DC67BC2057E71C00B252E7 /* Release */ = {
			isa = XCBuildConfiguration;
			buildSettings = {
				ALWAYS_EMBED_SWIFT_STANDARD_LIBRARIES = YES;
				CODE_SIGN_STYLE = Automatic;
				INFOPLIST_FILE = ImageReaderUITests/Info.plist;
				LD_RUNPATH_SEARCH_PATHS = "$(inherited) @executable_path/Frameworks @loader_path/Frameworks";
				PRODUCT_BUNDLE_IDENTIFIER = com.lionking.ImageReaderUITests;
				PRODUCT_NAME = "$(TARGET_NAME)";
				SWIFT_VERSION = 4.0;
				TARGETED_DEVICE_FAMILY = "1,2";
				TEST_TARGET_NAME = ImageReader;
			};
			name = Release;
		};
/* End XCBuildConfiguration section */

/* Begin XCConfigurationList section */
		77DC67872057E71C00B252E7 /* Build configuration list for PBXProject "ImageReader" */ = {
			isa = XCConfigurationList;
			buildConfigurations = (
				77DC67B22057E71C00B252E7 /* Debug */,
				77DC67B32057E71C00B252E7 /* Release */,
			);
			defaultConfigurationIsVisible = 0;
			defaultConfigurationName = Release;
		};
		77DC67B42057E71C00B252E7 /* Build configuration list for PBXNativeTarget "ImageReader" */ = {
			isa = XCConfigurationList;
			buildConfigurations = (
				77DC67B52057E71C00B252E7 /* Debug */,
				77DC67B62057E71C00B252E7 /* Release */,
			);
			defaultConfigurationIsVisible = 0;
			defaultConfigurationName = Release;
		};
		77DC67B72057E71C00B252E7 /* Build configuration list for PBXNativeTarget "ImageReaderTests" */ = {
			isa = XCConfigurationList;
			buildConfigurations = (
				77DC67B82057E71C00B252E7 /* Debug */,
				77DC67B92057E71C00B252E7 /* Release */,
			);
			defaultConfigurationIsVisible = 0;
			defaultConfigurationName = Release;
		};
		77DC67BA2057E71C00B252E7 /* Build configuration list for PBXNativeTarget "ImageReaderUITests" */ = {
			isa = XCConfigurationList;
			buildConfigurations = (
				77DC67BB2057E71C00B252E7 /* Debug */,
				77DC67BC2057E71C00B252E7 /* Release */,
			);
			defaultConfigurationIsVisible = 0;
			defaultConfigurationName = Release;
		};
/* End XCConfigurationList section */
	};
	rootObject = 77DC67842057E71C00B252E7 /* Project object */;
}
